# This file is automatically @generated by Cargo.
# It is not intended for manual editing.
version = 4

[[package]]
name = "seceda-cli"
version = "0.1.0"
dependencies = [
 "seceda-server",
]

[[package]]
name = "seceda-core"
version = "0.1.0"

[[package]]
name = "seceda-llama"
version = "0.1.0"
dependencies = [
 "seceda-core",
]

[[package]]
name = "seceda-server"
version = "0.1.0"
dependencies = [
 "seceda-core",
]
